
Microsoft Visual Studio Solution File, Format Version 12.00
# Visual Studio 15
VisualStudioVersion = 15.0.28010.2026
MinimumVisualStudioVersion = 10.0.40219.1
Project("{9A19103F-16F7-4668-BE54-9A1E7A4F7556}") = "01. Christmas Spirit", "01. Christmas Spirit\01. Christmas Spirit.csproj", "{FA373F73-615D-4608-A098-CA4DB3472704}"
EndProject
Project("{9A19103F-16F7-4668-BE54-9A1E7A4F7556}") = "02. Santa's List", "02. Santa's List\02. Santa's List.csproj", "{20BE88F1-A154-4009-96AD-BAF9244231C6}"
EndProject
Project("{9A19103F-16F7-4668-BE54-9A1E7A4F7556}") = "03. Present Delivery", "03. Present Delivery\03. Present Delivery.csproj", "{2A95CBC9-8DEB-4A1E-B41A-83F32283D582}"
EndProject
Global
	GlobalSection(SolutionConfigurationPlatforms) = preSolution
		Debug|Any CPU = Debug|Any CPU
		Release|Any CPU = Release|Any CPU
	EndGlobalSection
	GlobalSection(ProjectConfigurationPlatforms) = postSolution
		{FA373F73-615D-4608-A098-CA4DB3472704}.Debug|Any CPU.ActiveCfg = Debug|Any CPU
		{FA373F73-615D-4608-A098-CA4DB3472704}.Debug|Any CPU.Build.0 = Debug|Any CPU
		{FA373F73-615D-4608-A098-CA4DB3472704}.Release|Any CPU.ActiveCfg = Release|Any CPU
		{FA373F73-615D-4608-A098-CA4DB3472704}.Release|Any CPU.Build.0 = Release|Any CPU
		{20BE88F1-A154-4009-96AD-BAF9244231C6}.Debug|Any CPU.ActiveCfg = Debug|Any CPU
		{20BE88F1-A154-4009-96AD-BAF9244231C6}.Debug|Any CPU.Build.0 = Debug|Any CPU
		{20BE88F1-A154-4009-96AD-BAF9244231C6}.Release|Any CPU.ActiveCfg = Release|Any CPU
		{20BE88F1-A154-4009-96AD-BAF9244231C6}.Release|Any CPU.Build.0 = Release|Any CPU
		{2A95CBC9-8DEB-4A1E-B41A-83F32283D582}.Debug|Any CPU.ActiveCfg = Debug|Any CPU
		{2A95CBC9-8DEB-4A1E-B41A-83F32283D582}.Debug|Any CPU.Build.0 = Debug|Any CPU
		{2A95CBC9-8DEB-4A1E-B41A-83F32283D582}.Release|Any CPU.ActiveCfg = Release|Any CPU
		{2A95CBC9-8DEB-4A1E-B41A-83F32283D582}.Release|Any CPU.Build.0 = Release|Any CPU
	EndGlobalSection
	GlobalSection(SolutionProperties) = preSolution
		HideSolutionNode = FALSE
	EndGlobalSection
	GlobalSection(ExtensibilityGlobals) = postSolution
		SolutionGuid = {6F299232-BE4A-4ADE-BCD9-5B8A30CB2989}
	EndGlobalSection
EndGlobal
